# This file was autogenerated by Stack.
# You should not edit this file by hand.
# For more information, please see the documentation at:
#   https://docs.haskellstack.org/en/stable/lock_files

packages:
- completed:
    hackage: binary-instances-1@sha256:b17565598b8df3241f9b46fa8e3a3368ecc8e3f2eb175d7c28f319042a6f5c79,2613
    pantry-tree:
      size: 1035
      sha256: 938ffc6990cac12681c657f7afa93737eecf335e6f0212d8c0b7c1ea3e0f40f4
  original:
    hackage: binary-instances-1
- completed:
    hackage: gitlib-3.1.2@sha256:0f7142d8d58f7717242d65238e8814f17f9bbe7224a463adf34f75262c536227,2949
    pantry-tree:
      size: 982
      sha256: 6a6fad020f023be98bddcbcca7ba1c97d9e606f768b6ca6e845ad18285c89748
  original:
    hackage: gitlib-3.1.2
- completed:
    hackage: gitlib-libgit2-3.1.2.1@sha256:36bc92f117158440ca69e32051aabdf9df75be8a3fb5f45dff8828898e615a0a,2354
    pantry-tree:
      size: 516
      sha256: 47695cdeb7c1fb95a5c4bfd21bf46014554ccdd1e5059d5558a0348042044f39
  original:
    hackage: gitlib-libgit2-3.1.2.1
- completed:
    hackage: hakyll-4.13.0.1@sha256:0f27d74feaedc96648ec5377ecec2b35dd677516c9667d179462a350f2075628,8817
    pantry-tree:
      size: 7841
      sha256: 4a4409d287ee3daabb0141e3ebd3d2e88ead7382ba5cc582733907b4a938c4a8
  original:
    hackage: hakyll-4.13.0.1
- completed:
    hackage: dhall-1.29.0@sha256:ca96ca294b7e642407524b09b5e2baf572c6b13be166bdceb66cccb957a108ba,32755
    pantry-tree:
      size: 244291
      sha256: ef036b14977551a84bbfa6bf88263faa6fe0daf808a2837fbc88d558ab89dda2
  original:
    hackage: dhall-1.29.0
- completed:
    hackage: hakyll-dhall-0.2.4.0@sha256:8d2eb610474e965e5c38911befd2fab045fd03331bee609381d0dc3a891ba075,2172
    pantry-tree:
      size: 689
      sha256: 4a7a973ff4e024061ce636b2b125ba0cdcdc1e2ed63839fc373f95c785df88d6
  original:
    hackage: hakyll-dhall-0.2.4.0
- completed:
    hackage: hakyll-sass-0.2.4@sha256:4d2fbd8b63f5ef15483fc6dda09e10eefd63b4f873ad38dec2a3607eb504a8ba,939
    pantry-tree:
      size: 217
      sha256: c03e74e71d010f009b8d972efc31fbd6dd25183e6d9afbec55f4b7f0d4a74b47
  original:
    hackage: hakyll-sass-0.2.4
- completed:
    size: 7136
    url: https://github.com/mstksg/jle-utils/archive/6d3f85e0e0c3f5e453cd50ab842251b3c8a4d31f.tar.gz
    cabal-file:
      size: 2738
      sha256: 076f8a7266982982f41e478f2d3dcf5db86ad592eb21481666a9f753e05bb2fd
    name: jle-utils
    version: 0.1.1.0
    sha256: eedc9aac902df91bb0063e66ff25b776dd97c9ebbcd6d642547707b7e6901c68
    pantry-tree:
      size: 652
      sha256: 5ee5aaa4d7447b258552e4b4acb5915aabac1e69e29cefd0898ec27fdb9f3d38
  original:
    url: https://github.com/mstksg/jle-utils/archive/6d3f85e0e0c3f5e453cd50ab842251b3c8a4d31f.tar.gz
snapshots:
- completed:
    size: 524154
    url: https://raw.githubusercontent.com/commercialhaskell/stackage-snapshots/master/lts/14/20.yaml
    sha256: 2f5099f69ddb6abfe64400fe1e6a604e8e628f55e6837211cd70a81eb0a8fa4d
  original: lts-14.20
