# This file was autogenerated by Stack.
# You should not edit this file by hand.
# For more information, please see the documentation at:
#   https://docs.haskellstack.org/en/stable/lock_files

packages:
- completed:
    hackage: binary-instances-1@sha256:b17565598b8df3241f9b46fa8e3a3368ecc8e3f2eb175d7c28f319042a6f5c79,2613
    pantry-tree:
      size: 1035
      sha256: 938ffc6990cac12681c657f7afa93737eecf335e6f0212d8c0b7c1ea3e0f40f4
  original:
    hackage: binary-instances-1
- completed:
    hackage: gitlib-3.1.2@sha256:0f7142d8d58f7717242d65238e8814f17f9bbe7224a463adf34f75262c536227,2949
    pantry-tree:
      size: 982
      sha256: 6a6fad020f023be98bddcbcca7ba1c97d9e606f768b6ca6e845ad18285c89748
  original:
    hackage: gitlib-3.1.2
- completed:
    hackage: gitlib-libgit2-3.1.2.1@sha256:36bc92f117158440ca69e32051aabdf9df75be8a3fb5f45dff8828898e615a0a,2354
    pantry-tree:
      size: 516
      sha256: 47695cdeb7c1fb95a5c4bfd21bf46014554ccdd1e5059d5558a0348042044f39
  original:
    hackage: gitlib-libgit2-3.1.2.1
- completed:
    hackage: hakyll-4.12.5.2@sha256:435eec729639a4bf0d58f3c7c71929600f4130f10241275d5e7df856cc8aae90,8677
    pantry-tree:
      size: 7631
      sha256: bd0cbe9051fae2b109d4b8955fd55a710b61c5dfd8b132d444c72c8f9e65c855
  original:
    hackage: hakyll-4.12.5.2
- completed:
    hackage: hakyll-dhall-0.2.3.0@sha256:c157055ae6e7c755a34438100d5a5e66a039d427faa69517a4e90d0692265be4,2284
    pantry-tree:
      size: 689
      sha256: ed5df5e5ca46871130284163828c31ece1a8fc344c317f77b449868947b8bc75
  original:
    hackage: hakyll-dhall-0.2.3.0
- completed:
    hackage: hakyll-sass-0.2.4@sha256:4d2fbd8b63f5ef15483fc6dda09e10eefd63b4f873ad38dec2a3607eb504a8ba,939
    pantry-tree:
      size: 217
      sha256: c03e74e71d010f009b8d972efc31fbd6dd25183e6d9afbec55f4b7f0d4a74b47
  original:
    hackage: hakyll-sass-0.2.4
- completed:
    size: 7136
    url: https://github.com/mstksg/jle-utils/archive/6d3f85e0e0c3f5e453cd50ab842251b3c8a4d31f.tar.gz
    cabal-file:
      size: 2738
      sha256: 076f8a7266982982f41e478f2d3dcf5db86ad592eb21481666a9f753e05bb2fd
    name: jle-utils
    version: 0.1.1.0
    sha256: eedc9aac902df91bb0063e66ff25b776dd97c9ebbcd6d642547707b7e6901c68
    pantry-tree:
      size: 652
      sha256: 5ee5aaa4d7447b258552e4b4acb5915aabac1e69e29cefd0898ec27fdb9f3d38
  original:
    url: https://github.com/mstksg/jle-utils/archive/6d3f85e0e0c3f5e453cd50ab842251b3c8a4d31f.tar.gz
snapshots:
- completed:
    size: 514362
    url: https://raw.githubusercontent.com/commercialhaskell/stackage-snapshots/master/nightly/2019/6/17.yaml
    sha256: a54b8d98b34b46e0a7f9c096f976b084fe2734c72d166fdef21fbb9d874d8430
  original: nightly-2019-06-17
